
Microsoft Visual Studio Solution File, Format Version 12.00
# Visual Studio 15
VisualStudioVersion = 15.0.26430.6
MinimumVisualStudioVersion = 10.0.40219.1
Project("{FAE04EC0-301F-11D3-BF4B-00C04F79EFBC}") = "WcfService1.0", "WcfService1.0\WcfService1.0.csproj", "{1FCB6184-C087-47C6-8726-582C71178105}"
EndProject
Project("{FAE04EC0-301F-11D3-BF4B-00C04F79EFBC}") = "Client3", "Client3\Client3.csproj", "{4C195003-1383-4406-BFAA-91C9A372925C}"
EndProject
Project("{FAE04EC0-301F-11D3-BF4B-00C04F79EFBC}") = "VelibLibrairy", "VelibLibrairy\VelibLibrairy.csproj", "{C45852F9-0F1C-4651-8168-B332A4398E95}"
EndProject
Global
	GlobalSection(SolutionConfigurationPlatforms) = preSolution
		Debug|Any CPU = Debug|Any CPU
		Release|Any CPU = Release|Any CPU
	EndGlobalSection
	GlobalSection(ProjectConfigurationPlatforms) = postSolution
		{1FCB6184-C087-47C6-8726-582C71178105}.Debug|Any CPU.ActiveCfg = Debug|Any CPU
		{1FCB6184-C087-47C6-8726-582C71178105}.Debug|Any CPU.Build.0 = Debug|Any CPU
		{1FCB6184-C087-47C6-8726-582C71178105}.Release|Any CPU.ActiveCfg = Release|Any CPU
		{1FCB6184-C087-47C6-8726-582C71178105}.Release|Any CPU.Build.0 = Release|Any CPU
		{4C195003-1383-4406-BFAA-91C9A372925C}.Debug|Any CPU.ActiveCfg = Debug|Any CPU
		{4C195003-1383-4406-BFAA-91C9A372925C}.Debug|Any CPU.Build.0 = Debug|Any CPU
		{4C195003-1383-4406-BFAA-91C9A372925C}.Release|Any CPU.ActiveCfg = Release|Any CPU
		{4C195003-1383-4406-BFAA-91C9A372925C}.Release|Any CPU.Build.0 = Release|Any CPU
		{C45852F9-0F1C-4651-8168-B332A4398E95}.Debug|Any CPU.ActiveCfg = Debug|Any CPU
		{C45852F9-0F1C-4651-8168-B332A4398E95}.Debug|Any CPU.Build.0 = Debug|Any CPU
		{C45852F9-0F1C-4651-8168-B332A4398E95}.Release|Any CPU.ActiveCfg = Release|Any CPU
		{C45852F9-0F1C-4651-8168-B332A4398E95}.Release|Any CPU.Build.0 = Release|Any CPU
	EndGlobalSection
	GlobalSection(SolutionProperties) = preSolution
		HideSolutionNode = FALSE
	EndGlobalSection
EndGlobal
